{
  "name": "Phase8Angular",
  "lockfileVersion": 2,
  "requires": true,
  "packages": {
    "": {
      "dependencies": {
        "ag-grid-angular": "^28.2.1",
        "ag-grid-community": "^28.2.1"
      }
    },
    "node_modules/@angular/common": {
      "version": "22.0.4",
      "resolved": "https://registry.npmjs.org/@angular/common/-/common-22.0.4.tgz",
      "integrity": "sha512-ibHINcvajoXfKfb4aGdLx8aOFkUOadAYF9/Yy4j2C1gQdLS6uXOCPFD9+W9zWf8OeMhL0H+i+5KeNlh6XbGaZw==",
      "peer": true,
      "dependencies": {
        "tslib": "^2.3.0"
      },
      "engines": {
        "node": "^22.22.3 || ^24.15.0 || >=26.0.0"
      },
      "peerDependencies": {
        "@angular/core": "22.0.4",
        "rxjs": "^6.5.3 || ^7.4.0"
      }
    },
    "node_modules/@angular/core": {
      "version": "22.0.4",
      "resolved": "https://registry.npmjs.org/@angular/core/-/core-22.0.4.tgz",
      "integrity": "sha512-QTGwZcnc6dBhGPMID8DvwRQdHMvpqV0vXDX8jSdmVDiWDsFUjbe9AUFTHEizDm+wnmxOrCQ0DHkgmHICuh0GpA==",
      "peer": true,
      "dependencies": {
        "tslib": "^2.3.0"
      },
      "engines": {
        "node": "^22.22.3 || ^24.15.0 || >=26.0.0"
      },
      "peerDependencies": {
        "@angular/compiler": "22.0.4",
        "rxjs": "^6.5.3 || ^7.4.0",
        "zone.js": "~0.15.0 || ~0.16.0"
      },
      "peerDependenciesMeta": {
        "@angular/compiler": {
          "optional": true
        },
        "zone.js": {
          "optional": true
        }
      }
    },
    "node_modules/ag-grid-angular": {
      "version": "28.2.1",
      "resolved": "https://registry.npmjs.org/ag-grid-angular/-/ag-grid-angular-28.2.1.tgz",
      "integrity": "sha512-aYJvmrjwDFm2qy6viM9E8WQ0rCLn3nzuTH5gGIDFjqjFExan8csoNmVKGGbuf9jx8VQm4XQHKWbIzd2eT94kvw==",
      "dependencies": {
        "tslib": "^2.3.0"
      },
      "peerDependencies": {
        "@angular/common": ">= 12.0.0",
        "@angular/core": ">= 12.0.0",
        "ag-grid-community": "~28.2.1"
      }
    },
    "node_modules/ag-grid-community": {
      "version": "28.2.1",
      "resolved": "https://registry.npmjs.org/ag-grid-community/-/ag-grid-community-28.2.1.tgz",
      "integrity": "sha512-DMZh/xD/FqYP17qJ1M92PolTYe+hrKuEaf+A4h13O6qn2x/xZQrTRGW5DgnQLR/uLMe1XXZQPKR3UKgAlKo69A=="
    },
    "node_modules/rxjs": {
      "version": "7.8.2",
      "resolved": "https://registry.npmjs.org/rxjs/-/rxjs-7.8.2.tgz",
      "integrity": "sha512-dhKf903U/PQZY6boNNtAGdWbG85WAbjT/1xYoZIC7FAY0yWapOBQVsVrDl58W86//e1VpMNBtRV4MaXfdMySFA==",
      "peer": true,
      "dependencies": {
        "tslib": "^2.1.0"
      }
    },
    "node_modules/tslib": {
      "version": "2.8.1",
      "resolved": "https://registry.npmjs.org/tslib/-/tslib-2.8.1.tgz",
      "integrity": "sha512-oJFu94HQb+KVduSUQL7wnpmqnfmLsOA/nAh6b6EH0wCEoK0/mPeXU6c3wKDV83MkOuHPRHtSXKKU99IBazS/2w=="
    }
  },
  "dependencies": {
    "@angular/common": {
      "version": "22.0.4",
      "resolved": "https://registry.npmjs.org/@angular/common/-/common-22.0.4.tgz",
      "integrity": "sha512-ibHINcvajoXfKfb4aGdLx8aOFkUOadAYF9/Yy4j2C1gQdLS6uXOCPFD9+W9zWf8OeMhL0H+i+5KeNlh6XbGaZw==",
      "peer": true,
      "requires": {
        "tslib": "^2.3.0"
      }
    },
    "@angular/core": {
      "version": "22.0.4",
      "resolved": "https://registry.npmjs.org/@angular/core/-/core-22.0.4.tgz",
      "integrity": "sha512-QTGwZcnc6dBhGPMID8DvwRQdHMvpqV0vXDX8jSdmVDiWDsFUjbe9AUFTHEizDm+wnmxOrCQ0DHkgmHICuh0GpA==",
      "peer": true,
      "requires": {
        "tslib": "^2.3.0"
      }
    },
    "ag-grid-angular": {
      "version": "28.2.1",
      "resolved": "https://registry.npmjs.org/ag-grid-angular/-/ag-grid-angular-28.2.1.tgz",
      "integrity": "sha512-aYJvmrjwDFm2qy6viM9E8WQ0rCLn3nzuTH5gGIDFjqjFExan8csoNmVKGGbuf9jx8VQm4XQHKWbIzd2eT94kvw==",
      "requires": {
        "tslib": "^2.3.0"
      }
    },
    "ag-grid-community": {
      "version": "28.2.1",
      "resolved": "https://registry.npmjs.org/ag-grid-community/-/ag-grid-community-28.2.1.tgz",
      "integrity": "sha512-DMZh/xD/FqYP17qJ1M92PolTYe+hrKuEaf+A4h13O6qn2x/xZQrTRGW5DgnQLR/uLMe1XXZQPKR3UKgAlKo69A=="
    },
    "rxjs": {
      "version": "7.8.2",
      "resolved": "https://registry.npmjs.org/rxjs/-/rxjs-7.8.2.tgz",
      "integrity": "sha512-dhKf903U/PQZY6boNNtAGdWbG85WAbjT/1xYoZIC7FAY0yWapOBQVsVrDl58W86//e1VpMNBtRV4MaXfdMySFA==",
      "peer": true,
      "requires": {
        "tslib": "^2.1.0"
      }
    },
    "tslib": {
      "version": "2.8.1",
      "resolved": "https://registry.npmjs.org/tslib/-/tslib-2.8.1.tgz",
      "integrity": "sha512-oJFu94HQb+KVduSUQL7wnpmqnfmLsOA/nAh6b6EH0wCEoK0/mPeXU6c3wKDV83MkOuHPRHtSXKKU99IBazS/2w=="
    }
  }
}
